// !$*UTF8*$!
{
	archiveVersion = 1;
	classes = {
	};
	objectVersion = 56;
	objects = {

/* Begin PBXBuildFile section */
		4A7401942C00ADB500C84DA7 /* Xcode_ProjectApp.swift in Sources */ = {isa = PBXBuildFile; fileRef = 4A7401932C00ADB500C84DA7 /* Xcode_ProjectApp.swift */; };
		4A7401962C00ADB500C84DA7 /* ContentView.swift in Sources */ = {isa = PBXBuildFile; fileRef = 4A7401952C00ADB500C84DA7 /* ContentView.swift */; };
		4A7401982C00ADB600C84DA7 /* Assets.xcassets in Resources */ = {isa = PBXBuildFile; fileRef = 4A7401972C00ADB600C84DA7 /* Assets.xcassets */; };
		4A74019C2C00ADB600C84DA7 /* Preview Assets.xcassets in Resources */ = {isa = PBXBuildFile; fileRef = 4A74019B2C00ADB600C84DA7 /* Preview Assets.xcassets */; };
		4A7401A62C00ADB600C84DA7 /* Xcode_ProjectTests.swift in Sources */ = {isa = PBXBuildFile; fileRef = 4A7401A52C00ADB600C84DA7 /* Xcode_ProjectTests.swift */; };
		4A7401B02C00ADB600C84DA7 /* Xcode_ProjectUITests.swift in Sources */ = {isa = PBXBuildFile; fileRef = 4A7401AF2C00ADB600C84DA7 /* Xcode_ProjectUITests.swift */; };
		4A7401B22C00ADB600C84DA7 /* Xcode_ProjectUITestsLaunchTests.swift in Sources */ = {isa = PBXBuildFile; fileRef = 4A7401B12C00ADB600C84DA7 /* Xcode_ProjectUITestsLaunchTests.swift */; };
/* End PBXBuildFile section */

/* Begin PBXContainerItemProxy section */
		4A7401A22C00ADB600C84DA7 /* PBXContainerItemProxy */ = {
			isa = PBXContainerItemProxy;
			containerPortal = 4A7401882C00ADB500C84DA7 /* Project object */;
			proxyType = 1;
			remoteGlobalIDString = 4A74018F2C00ADB500C84DA7;
			remoteInfo = "Xcode Project";
		};
		4A7401AC2C00ADB600C84DA7 /* PBXContainerItemProxy */ = {
			isa = PBXContainerItemProxy;
			containerPortal = 4A7401882C00ADB500C84DA7 /* Project object */;
			proxyType = 1;
			remoteGlobalIDString = 4A74018F2C00ADB500C84DA7;
			remoteInfo = "Xcode Project";
		};
/* End PBXContainerItemProxy section */

/* Begin PBXFileReference section */
		4A7401902C00ADB500C84DA7 /* Xcode Project.app */ = {isa = PBXFileReference; explicitFileType = wrapper.application; includeInIndex = 0; path = "Xcode Project.app"; sourceTree = BUILT_PRODUCTS_DIR; };
		4A7401932C00ADB500C84DA7 /* Xcode_ProjectApp.swift */ = {isa = PBXFileReference; lastKnownFileType = sourcecode.swift; path = Xcode_ProjectApp.swift; sourceTree = "<group>"; };
		4A7401952C00ADB500C84DA7 /* ContentView.swift */ = {isa = PBXFileReference; lastKnownFileType = sourcecode.swift; path = ContentView.swift; sourceTree = "<group>"; };
		4A7401972C00ADB600C84DA7 /* Assets.xcassets */ = {isa = PBXFileReference; lastKnownFileType = folder.assetcatalog; path = Assets.xcassets; sourceTree = "<group>"; };
		4A7401992C00ADB600C84DA7 /* Xcode_Project.entitlements */ = {isa = PBXFileReference; lastKnownFileType = text.plist.entitlements; path = Xcode_Project.entitlements; sourceTree = "<group>"; };
		4A74019B2C00ADB600C84DA7 /* Preview Assets.xcassets */ = {isa = PBXFileReference; lastKnownFileType = folder.assetcatalog; path = "Preview Assets.xcassets"; sourceTree = "<group>"; };
		4A7401A12C00ADB600C84DA7 /* Xcode ProjectTests.xctest */ = {isa = PBXFileReference; explicitFileType = wrapper.cfbundle; includeInIndex = 0; path = "Xcode ProjectTests.xctest"; sourceTree = BUILT_PRODUCTS_DIR; };
		4A7401A52C00ADB600C84DA7 /* Xcode_ProjectTests.swift */ = {isa = PBXFileReference; lastKnownFileType = sourcecode.swift; path = Xcode_ProjectTests.swift; sourceTree = "<group>"; };
		4A7401AB2C00ADB600C84DA7 /* Xcode ProjectUITests.xctest */ = {isa = PBXFileReference; explicitFileType = wrapper.cfbundle; includeInIndex = 0; path = "Xcode ProjectUITests.xctest"; sourceTree = BUILT_PRODUCTS_DIR; };
		4A7401AF2C00ADB600C84DA7 /* Xcode_ProjectUITests.swift */ = {isa = PBXFileReference; lastKnownFileType = sourcecode.swift; path = Xcode_ProjectUITests.swift; sourceTree = "<group>"; };
		4A7401B12C00ADB600C84DA7 /* Xcode_ProjectUITestsLaunchTests.swift */ = {isa = PBXFileReference; lastKnownFileType = sourcecode.swift; path = Xcode_ProjectUITestsLaunchTests.swift; sourceTree = "<group>"; };
/* End PBXFileReference section */

/* Begin PBXFrameworksBuildPhase section */
		4A74018D2C00ADB500C84DA7 /* Frameworks */ = {
			isa = PBXFrameworksBuildPhase;
			buildActionMask = 2147483647;
			files = (
			);
			runOnlyForDeploymentPostprocessing = 0;
		};
		4A74019E2C00ADB600C84DA7 /* Frameworks */ = {
			isa = PBXFrameworksBuildPhase;
			buildActionMask = 2147483647;
			files = (
			);
			runOnlyForDeploymentPostprocessing = 0;
		};
		4A7401A82C00ADB600C84DA7 /* Frameworks */ = {
			isa = PBXFrameworksBuildPhase;
			buildActionMask = 2147483647;
			files = (
			);
			runOnlyForDeploymentPostprocessing = 0;
		};
/* End PBXFrameworksBuildPhase section */

/* Begin PBXGroup section */
		4A7401872C00ADB500C84DA7 = {
			isa = PBXGroup;
			children = (
				4A7401922C00ADB500C84DA7 /* Xcode Project */,
				4A7401A42C00ADB600C84DA7 /* Xcode ProjectTests */,
				4A7401AE2C00ADB600C84DA7 /* Xcode ProjectUITests */,
				4A7401912C00ADB500C84DA7 /* Products */,
			);
			sourceTree = "<group>";
		};
		4A7401912C00ADB500C84DA7 /* Products */ = {
			isa = PBXGroup;
			children = (
				4A7401902C00ADB500C84DA7 /* Xcode Project.app */,
				4A7401A12C00ADB600C84DA7 /* Xcode ProjectTests.xctest */,
				4A7401AB2C00ADB600C84DA7 /* Xcode ProjectUITests.xctest */,
			);
			name = Products;
			sourceTree = "<group>";
		};
		4A7401922C00ADB500C84DA7 /* Xcode Project */ = {
			isa = PBXGroup;
			children = (
				4A7401932C00ADB500C84DA7 /* Xcode_ProjectApp.swift */,
				4A7401952C00ADB500C84DA7 /* ContentView.swift */,
				4A7401972C00ADB600C84DA7 /* Assets.xcassets */,
				4A7401992C00ADB600C84DA7 /* Xcode_Project.entitlements */,
				4A74019A2C00ADB600C84DA7 /* Preview Content */,
			);
			path = "Xcode Project";
			sourceTree = "<group>";
		};
		4A74019A2C00ADB600C84DA7 /* Preview Content */ = {
			isa = PBXGroup;
			children = (
				4A74019B2C00ADB600C84DA7 /* Preview Assets.xcassets */,
			);
			path = "Preview Content";
			sourceTree = "<group>";
		};
		4A7401A42C00ADB600C84DA7 /* Xcode ProjectTests */ = {
			isa = PBXGroup;
			children = (
				4A7401A52C00ADB600C84DA7 /* Xcode_ProjectTests.swift */,
			);
			path = "Xcode ProjectTests";
			sourceTree = "<group>";
		};
		4A7401AE2C00ADB600C84DA7 /* Xcode ProjectUITests */ = {
			isa = PBXGroup;
			children = (
				4A7401AF2C00ADB600C84DA7 /* Xcode_ProjectUITests.swift */,
				4A7401B12C00ADB600C84DA7 /* Xcode_ProjectUITestsLaunchTests.swift */,
			);
			path = "Xcode ProjectUITests";
			sourceTree = "<group>";
		};
/* End PBXGroup section */

/* Begin PBXNativeTarget section */
		4A74018F2C00ADB500C84DA7 /* Xcode Project */ = {
			isa = PBXNativeTarget;
			buildConfigurationList = 4A7401B52C00ADB600C84DA7 /* Build configuration list for PBXNativeTarget "Xcode Project" */;
			buildPhases = (
				4A74018C2C00ADB500C84DA7 /* Sources */,
				4A74018D2C00ADB500C84DA7 /* Frameworks */,
				4A74018E2C00ADB500C84DA7 /* Resources */,
			);
			buildRules = (
			);
			dependencies = (
			);
			name = "Xcode Project";
			productName = "Xcode Project";
			productReference = 4A7401902C00ADB500C84DA7 /* Xcode Project.app */;
			productType = "com.apple.product-type.application";
		};
		4A7401A02C00ADB600C84DA7 /* Xcode ProjectTests */ = {
			isa = PBXNativeTarget;
			buildConfigurationList = 4A7401B82C00ADB600C84DA7 /* Build configuration list for PBXNativeTarget "Xcode ProjectTests" */;
			buildPhases = (
				4A74019D2C00ADB600C84DA7 /* Sources */,
				4A74019E2C00ADB600C84DA7 /* Frameworks */,
				4A74019F2C00ADB600C84DA7 /* Resources */,
			);
			buildRules = (
			);
			dependencies = (
				4A7401A32C00ADB600C84DA7 /* PBXTargetDependency */,
			);
			name = "Xcode ProjectTests";
			productName = "Xcode ProjectTests";
			productReference = 4A7401A12C00ADB600C84DA7 /* Xcode ProjectTests.xctest */;
			productType = "com.apple.product-type.bundle.unit-test";
		};
		4A7401AA2C00ADB600C84DA7 /* Xcode ProjectUITests */ = {
			isa = PBXNativeTarget;
			buildConfigurationList = 4A7401BB2C00ADB600C84DA7 /* Build configuration list for PBXNativeTarget "Xcode ProjectUITests" */;
			buildPhases = (
				4A7401A72C00ADB600C84DA7 /* Sources */,
				4A7401A82C00ADB600C84DA7 /* Frameworks */,
				4A7401A92C00ADB600C84DA7 /* Resources */,
			);
			buildRules = (
			);
			dependencies = (
				4A7401AD2C00ADB600C84DA7 /* PBXTargetDependency */,
			);
			name = "Xcode ProjectUITests";
			productName = "Xcode ProjectUITests";
			productReference = 4A7401AB2C00ADB600C84DA7 /* Xcode ProjectUITests.xctest */;
			productType = "com.apple.product-type.bundle.ui-testing";
		};
/* End PBXNativeTarget section */

/* Begin PBXProject section */
		4A7401882C00ADB500C84DA7 /* Project object */ = {
			isa = PBXProject;
			attributes = {
				BuildIndependentTargetsInParallel = 1;
				LastSwiftUpdateCheck = 1530;
				LastUpgradeCheck = 1530;
				TargetAttributes = {
					4A74018F2C00ADB500C84DA7 = {
						CreatedOnToolsVersion = 15.3;
					};
					4A7401A02C00ADB600C84DA7 = {
						CreatedOnToolsVersion = 15.3;
						TestTargetID = 4A74018F2C00ADB500C84DA7;
					};
					4A7401AA2C00ADB600C84DA7 = {
						CreatedOnToolsVersion = 15.3;
						TestTargetID = 4A74018F2C00ADB500C84DA7;
					};
				};
			};
			buildConfigurationList = 4A74018B2C00ADB500C84DA7 /* Build configuration list for PBXProject "Xcode Project" */;
			compatibilityVersion = "Xcode 14.0";
			developmentRegion = en;
			hasScannedForEncodings = 0;
			knownRegions = (
				en,
				Base,
			);
			mainGroup = 4A7401872C00ADB500C84DA7;
			productRefGroup = 4A7401912C00ADB500C84DA7 /* Products */;
			projectDirPath = "";
			projectRoot = "";
			targets = (
				4A74018F2C00ADB500C84DA7 /* Xcode Project */,
				4A7401A02C00ADB600C84DA7 /* Xcode ProjectTests */,
				4A7401AA2C00ADB600C84DA7 /* Xcode ProjectUITests */,
			);
		};
/* End PBXProject section */

/* Begin PBXResourcesBuildPhase section */
		4A74018E2C00ADB500C84DA7 /* Resources */ = {
			isa = PBXResourcesBuildPhase;
			buildActionMask = 2147483647;
			files = (
				4A74019C2C00ADB600C84DA7 /* Preview Assets.xcassets in Resources */,
				4A7401982C00ADB600C84DA7 /* Assets.xcassets in Resources */,
			);
			runOnlyForDeploymentPostprocessing = 0;
		};
		4A74019F2C00ADB600C84DA7 /* Resources */ = {
			isa = PBXResourcesBuildPhase;
			buildActionMask = 2147483647;
			files = (
			);
			runOnlyForDeploymentPostprocessing = 0;
		};
		4A7401A92C00ADB600C84DA7 /* Resources */ = {
			isa = PBXResourcesBuildPhase;
			buildActionMask = 2147483647;
			files = (
			);
			runOnlyForDeploymentPostprocessing = 0;
		};
/* End PBXResourcesBuildPhase section */

/* Begin PBXSourcesBuildPhase section */
		4A74018C2C00ADB500C84DA7 /* Sources */ = {
			isa = PBXSourcesBuildPhase;
			buildActionMask = 2147483647;
			files = (
				4A7401962C00ADB500C84DA7 /* ContentView.swift in Sources */,
				4A7401942C00ADB500C84DA7 /* Xcode_ProjectApp.swift in Sources */,
			);
			runOnlyForDeploymentPostprocessing = 0;
		};
		4A74019D2C00ADB600C84DA7 /* Sources */ = {
			isa = PBXSourcesBuildPhase;
			buildActionMask = 2147483647;
			files = (
				4A7401A62C00ADB600C84DA7 /* Xcode_ProjectTests.swift in Sources */,
			);
			runOnlyForDeploymentPostprocessing = 0;
		};
		4A7401A72C00ADB600C84DA7 /* Sources */ = {
			isa = PBXSourcesBuildPhase;
			buildActionMask = 2147483647;
			files = (
				4A7401B22C00ADB600C84DA7 /* Xcode_ProjectUITestsLaunchTests.swift in Sources */,
				4A7401B02C00ADB600C84DA7 /* Xcode_ProjectUITests.swift in Sources */,
			);
			runOnlyForDeploymentPostprocessing = 0;
		};
/* End PBXSourcesBuildPhase section */

/* Begin PBXTargetDependency section */
		4A7401A32C00ADB600C84DA7 /* PBXTargetDependency */ = {
			isa = PBXTargetDependency;
			target = 4A74018F2C00ADB500C84DA7 /* Xcode Project */;
			targetProxy = 4A7401A22C00ADB600C84DA7 /* PBXContainerItemProxy */;
		};
		4A7401AD2C00ADB600C84DA7 /* PBXTargetDependency */ = {
			isa = PBXTargetDependency;
			target = 4A74018F2C00ADB500C84DA7 /* Xcode Project */;
			targetProxy = 4A7401AC2C00ADB600C84DA7 /* PBXContainerItemProxy */;
		};
/* End PBXTargetDependency section */

/* Begin XCBuildConfiguration section */
		4A7401B32C00ADB600C84DA7 /* Debug */ = {
			isa = XCBuildConfiguration;
			buildSettings = {
				ALWAYS_SEARCH_USER_PATHS = NO;
				ASSETCATALOG_COMPILER_GENERATE_SWIFT_ASSET_SYMBOL_EXTENSIONS = YES;
				CLANG_ANALYZER_NONNULL = YES;
				CLANG_ANALYZER_NUMBER_OBJECT_CONVERSION = YES_AGGRESSIVE;
				CLANG_CXX_LANGUAGE_STANDARD = "gnu++20";
				CLANG_ENABLE_MODULES = YES;
				CLANG_ENABLE_OBJC_ARC = YES;
				CLANG_ENABLE_OBJC_WEAK = YES;
				CLANG_WARN_BLOCK_CAPTURE_AUTORELEASING = YES;
				CLANG_WARN_BOOL_CONVERSION = YES;
				CLANG_WARN_COMMA = YES;
				CLANG_WARN_CONSTANT_CONVERSION = YES;
				CLANG_WARN_DEPRECATED_OBJC_IMPLEMENTATIONS = YES;
				CLANG_WARN_DIRECT_OBJC_ISA_USAGE = YES_ERROR;
				CLANG_WARN_DOCUMENTATION_COMMENTS = YES;
				CLANG_WARN_EMPTY_BODY = YES;
				CLANG_WARN_ENUM_CONVERSION = YES;
				CLANG_WARN_INFINITE_RECURSION = YES;
				CLANG_WARN_INT_CONVERSION = YES;
				CLANG_WARN_NON_LITERAL_NULL_CONVERSION = YES;
				CLANG_WARN_OBJC_IMPLICIT_RETAIN_SELF = YES;
				CLANG_WARN_OBJC_LITERAL_CONVERSION = YES;
				CLANG_WARN_OBJC_ROOT_CLASS = YES_ERROR;
				CLANG_WARN_QUOTED_INCLUDE_IN_FRAMEWORK_HEADER = YES;
				CLANG_WARN_RANGE_LOOP_ANALYSIS = YES;
				CLANG_WARN_STRICT_PROTOTYPES = YES;
				CLANG_WARN_SUSPICIOUS_MOVE = YES;
				CLANG_WARN_UNGUARDED_AVAILABILITY = YES_AGGRESSIVE;
				CLANG_WARN_UNREACHABLE_CODE = YES;
				CLANG_WARN__DUPLICATE_METHOD_MATCH = YES;
				COPY_PHASE_STRIP = NO;
				DEBUG_INFORMATION_FORMAT = dwarf;
				ENABLE_STRICT_OBJC_MSGSEND = YES;
				ENABLE_TESTABILITY = YES;
				ENABLE_USER_SCRIPT_SANDBOXING = YES;
				GCC_C_LANGUAGE_STANDARD = gnu17;
				GCC_DYNAMIC_NO_PIC = NO;
				GCC_NO_COMMON_BLOCKS = YES;
				GCC_OPTIMIZATION_LEVEL = 0;
				GCC_PREPROCESSOR_DEFINITIONS = (
					"DEBUG=1",
					"$(inherited)",
				);
				GCC_WARN_64_TO_32_BIT_CONVERSION = YES;
				GCC_WARN_ABOUT_RETURN_TYPE = YES_ERROR;
				GCC_WARN_UNDECLARED_SELECTOR = YES;
				GCC_WARN_UNINITIALIZED_AUTOS = YES_AGGRESSIVE;
				GCC_WARN_UNUSED_FUNCTION = YES;
				GCC_WARN_UNUSED_VARIABLE = YES;
				LOCALIZATION_PREFERS_STRING_CATALOGS = YES;
				MTL_ENABLE_DEBUG_INFO = INCLUDE_SOURCE;
				MTL_FAST_MATH = YES;
				ONLY_ACTIVE_ARCH = YES;
				SWIFT_ACTIVE_COMPILATION_CONDITIONS = "DEBUG $(inherited)";
				SWIFT_OPTIMIZATION_LEVEL = "-Onone";
			};
			name = Debug;
		};
		4A7401B42C00ADB600C84DA7 /* Release */ = {
			isa = XCBuildConfiguration;
			buildSettings = {
				ALWAYS_SEARCH_USER_PATHS = NO;
				ASSETCATALOG_COMPILER_GENERATE_SWIFT_ASSET_SYMBOL_EXTENSIONS = YES;
				CLANG_ANALYZER_NONNULL = YES;
				CLANG_ANALYZER_NUMBER_OBJECT_CONVERSION = YES_AGGRESSIVE;
				CLANG_CXX_LANGUAGE_STANDARD = "gnu++20";
				CLANG_ENABLE_MODULES = YES;
				CLANG_ENABLE_OBJC_ARC = YES;
				CLANG_ENABLE_OBJC_WEAK = YES;
				CLANG_WARN_BLOCK_CAPTURE_AUTORELEASING = YES;
				CLANG_WARN_BOOL_CONVERSION = YES;
				CLANG_WARN_COMMA = YES;
				CLANG_WARN_CONSTANT_CONVERSION = YES;
				CLANG_WARN_DEPRECATED_OBJC_IMPLEMENTATIONS = YES;
				CLANG_WARN_DIRECT_OBJC_ISA_USAGE = YES_ERROR;
				CLANG_WARN_DOCUMENTATION_COMMENTS = YES;
				CLANG_WARN_EMPTY_BODY = YES;
				CLANG_WARN_ENUM_CONVERSION = YES;
				CLANG_WARN_INFINITE_RECURSION = YES;
				CLANG_WARN_INT_CONVERSION = YES;
				CLANG_WARN_NON_LITERAL_NULL_CONVERSION = YES;
				CLANG_WARN_OBJC_IMPLICIT_RETAIN_SELF = YES;
				CLANG_WARN_OBJC_LITERAL_CONVERSION = YES;
				CLANG_WARN_OBJC_ROOT_CLASS = YES_ERROR;
				CLANG_WARN_QUOTED_INCLUDE_IN_FRAMEWORK_HEADER = YES;
				CLANG_WARN_RANGE_LOOP_ANALYSIS = YES;
				CLANG_WARN_STRICT_PROTOTYPES = YES;
				CLANG_WARN_SUSPICIOUS_MOVE = YES;
				CLANG_WARN_UNGUARDED_AVAILABILITY = YES_AGGRESSIVE;
				CLANG_WARN_UNREACHABLE_CODE = YES;
				CLANG_WARN__DUPLICATE_METHOD_MATCH = YES;
				COPY_PHASE_STRIP = NO;
				DEBUG_INFORMATION_FORMAT = "dwarf-with-dsym";
				ENABLE_NS_ASSERTIONS = NO;
				ENABLE_STRICT_OBJC_MSGSEND = YES;
				ENABLE_USER_SCRIPT_SANDBOXING = YES;
				GCC_C_LANGUAGE_STANDARD = gnu17;
				GCC_NO_COMMON_BLOCKS = YES;
				GCC_WARN_64_TO_32_BIT_CONVERSION = YES;
				GCC_WARN_ABOUT_RETURN_TYPE = YES_ERROR;
				GCC_WARN_UNDECLARED_SELECTOR = YES;
				GCC_WARN_UNINITIALIZED_AUTOS = YES_AGGRESSIVE;
				GCC_WARN_UNUSED_FUNCTION = YES;
				GCC_WARN_UNUSED_VARIABLE = YES;
				LOCALIZATION_PREFERS_STRING_CATALOGS = YES;
				MTL_ENABLE_DEBUG_INFO = NO;
				MTL_FAST_MATH = YES;
				SWIFT_COMPILATION_MODE = wholemodule;
			};
			name = Release;
		};
		4A7401B62C00ADB600C84DA7 /* Debug */ = {
			isa = XCBuildConfiguration;
			buildSettings = {
				ASSETCATALOG_COMPILER_APPICON_NAME = AppIcon;
				ASSETCATALOG_COMPILER_GLOBAL_ACCENT_COLOR_NAME = AccentColor;
				CODE_SIGN_ENTITLEMENTS = "Xcode Project/Xcode_Project.entitlements";
				CODE_SIGN_STYLE = Automatic;
				CURRENT_PROJECT_VERSION = 1;
				DEVELOPMENT_ASSET_PATHS = "\"Xcode Project/Preview Content\"";
				DEVELOPMENT_TEAM = 4MU6QM22C8;
				ENABLE_HARDENED_RUNTIME = YES;
				ENABLE_PREVIEWS = YES;
				GENERATE_INFOPLIST_FILE = YES;
				"INFOPLIST_KEY_UIApplicationSceneManifest_Generation[sdk=iphoneos*]" = YES;
				"INFOPLIST_KEY_UIApplicationSceneManifest_Generation[sdk=iphonesimulator*]" = YES;
				"INFOPLIST_KEY_UIApplicationSupportsIndirectInputEvents[sdk=iphoneos*]" = YES;
				"INFOPLIST_KEY_UIApplicationSupportsIndirectInputEvents[sdk=iphonesimulator*]" = YES;
				"INFOPLIST_KEY_UILaunchScreen_Generation[sdk=iphoneos*]" = YES;
				"INFOPLIST_KEY_UILaunchScreen_Generation[sdk=iphonesimulator*]" = YES;
				"INFOPLIST_KEY_UIStatusBarStyle[sdk=iphoneos*]" = UIStatusBarStyleDefault;
				"INFOPLIST_KEY_UIStatusBarStyle[sdk=iphonesimulator*]" = UIStatusBarStyleDefault;
				INFOPLIST_KEY_UISupportedInterfaceOrientations_iPad = "UIInterfaceOrientationPortrait UIInterfaceOrientationPortraitUpsideDown UIInterfaceOrientationLandscapeLeft UIInterfaceOrientationLandscapeRight";
				INFOPLIST_KEY_UISupportedInterfaceOrientations_iPhone = "UIInterfaceOrientationPortrait UIInterfaceOrientationLandscapeLeft UIInterfaceOrientationLandscapeRight";
				IPHONEOS_DEPLOYMENT_TARGET = 17.4;
				LD_RUNPATH_SEARCH_PATHS = "@executable_path/Frameworks";
				"LD_RUNPATH_SEARCH_PATHS[sdk=macosx*]" = "@executable_path/../Frameworks";
				MACOSX_DEPLOYMENT_TARGET = 14.4;
				MARKETING_VERSION = 1.0;
				PRODUCT_BUNDLE_IDENTIFIER = "com.Xcode-Project";
				PRODUCT_NAME = "$(TARGET_NAME)";
				SDKROOT = auto;
				SUPPORTED_PLATFORMS = "iphoneos iphonesimulator macosx";
				SWIFT_EMIT_LOC_STRINGS = YES;
				SWIFT_VERSION = 5.0;
				TARGETED_DEVICE_FAMILY = "1,2";
			};
			name = Debug;
		};
		4A7401B72C00ADB600C84DA7 /* Release */ = {
			isa = XCBuildConfiguration;
			buildSettings = {
				ASSETCATALOG_COMPILER_APPICON_NAME = AppIcon;
				ASSETCATALOG_COMPILER_GLOBAL_ACCENT_COLOR_NAME = AccentColor;
				CODE_SIGN_ENTITLEMENTS = "Xcode Project/Xcode_Project.entitlements";
				CODE_SIGN_STYLE = Automatic;
				CURRENT_PROJECT_VERSION = 1;
				DEVELOPMENT_ASSET_PATHS = "\"Xcode Project/Preview Content\"";
				DEVELOPMENT_TEAM = 4MU6QM22C8;
				ENABLE_HARDENED_RUNTIME = YES;
				ENABLE_PREVIEWS = YES;
				GENERATE_INFOPLIST_FILE = YES;
				"INFOPLIST_KEY_UIApplicationSceneManifest_Generation[sdk=iphoneos*]" = YES;
				"INFOPLIST_KEY_UIApplicationSceneManifest_Generation[sdk=iphonesimulator*]" = YES;
				"INFOPLIST_KEY_UIApplicationSupportsIndirectInputEvents[sdk=iphoneos*]" = YES;
				"INFOPLIST_KEY_UIApplicationSupportsIndirectInputEvents[sdk=iphonesimulator*]" = YES;
				"INFOPLIST_KEY_UILaunchScreen_Generation[sdk=iphoneos*]" = YES;
				"INFOPLIST_KEY_UILaunchScreen_Generation[sdk=iphonesimulator*]" = YES;
				"INFOPLIST_KEY_UIStatusBarStyle[sdk=iphoneos*]" = UIStatusBarStyleDefault;
				"INFOPLIST_KEY_UIStatusBarStyle[sdk=iphonesimulator*]" = UIStatusBarStyleDefault;
				INFOPLIST_KEY_UISupportedInterfaceOrientations_iPad = "UIInterfaceOrientationPortrait UIInterfaceOrientationPortraitUpsideDown UIInterfaceOrientationLandscapeLeft UIInterfaceOrientationLandscapeRight";
				INFOPLIST_KEY_UISupportedInterfaceOrientations_iPhone = "UIInterfaceOrientationPortrait UIInterfaceOrientationLandscapeLeft UIInterfaceOrientationLandscapeRight";
				IPHONEOS_DEPLOYMENT_TARGET = 17.4;
				LD_RUNPATH_SEARCH_PATHS = "@executable_path/Frameworks";
				"LD_RUNPATH_SEARCH_PATHS[sdk=macosx*]" = "@executable_path/../Frameworks";
				MACOSX_DEPLOYMENT_TARGET = 14.4;
				MARKETING_VERSION = 1.0;
				PRODUCT_BUNDLE_IDENTIFIER = "com.Xcode-Project";
				PRODUCT_NAME = "$(TARGET_NAME)";
				SDKROOT = auto;
				SUPPORTED_PLATFORMS = "iphoneos iphonesimulator macosx";
				SWIFT_EMIT_LOC_STRINGS = YES;
				SWIFT_VERSION = 5.0;
				TARGETED_DEVICE_FAMILY = "1,2";
			};
			name = Release;
		};
		4A7401B92C00ADB600C84DA7 /* Debug */ = {
			isa = XCBuildConfiguration;
			buildSettings = {
				ALWAYS_EMBED_SWIFT_STANDARD_LIBRARIES = YES;
				BUNDLE_LOADER = "$(TEST_HOST)";
				CODE_SIGN_STYLE = Automatic;
				CURRENT_PROJECT_VERSION = 1;
				DEVELOPMENT_TEAM = 4MU6QM22C8;
				GENERATE_INFOPLIST_FILE = YES;
				IPHONEOS_DEPLOYMENT_TARGET = 17.4;
				MACOSX_DEPLOYMENT_TARGET = 14.4;
				MARKETING_VERSION = 1.0;
				PRODUCT_BUNDLE_IDENTIFIER = "com.Xcode-ProjectTests";
				PRODUCT_NAME = "$(TARGET_NAME)";
				SDKROOT = auto;
				SUPPORTED_PLATFORMS = "iphoneos iphonesimulator macosx";
				SWIFT_EMIT_LOC_STRINGS = NO;
				SWIFT_VERSION = 5.0;
				TARGETED_DEVICE_FAMILY = "1,2";
				TEST_HOST = "$(BUILT_PRODUCTS_DIR)/Xcode Project.app/$(BUNDLE_EXECUTABLE_FOLDER_PATH)/Xcode Project";
			};
			name = Debug;
		};
		4A7401BA2C00ADB600C84DA7 /* Release */ = {
			isa = XCBuildConfiguration;
			buildSettings = {
				ALWAYS_EMBED_SWIFT_STANDARD_LIBRARIES = YES;
				BUNDLE_LOADER = "$(TEST_HOST)";
				CODE_SIGN_STYLE = Automatic;
				CURRENT_PROJECT_VERSION = 1;
				DEVELOPMENT_TEAM = 4MU6QM22C8;
				GENERATE_INFOPLIST_FILE = YES;
				IPHONEOS_DEPLOYMENT_TARGET = 17.4;
				MACOSX_DEPLOYMENT_TARGET = 14.4;
				MARKETING_VERSION = 1.0;
				PRODUCT_BUNDLE_IDENTIFIER = "com.Xcode-ProjectTests";
				PRODUCT_NAME = "$(TARGET_NAME)";
				SDKROOT = auto;
				SUPPORTED_PLATFORMS = "iphoneos iphonesimulator macosx";
				SWIFT_EMIT_LOC_STRINGS = NO;
				SWIFT_VERSION = 5.0;
				TARGETED_DEVICE_FAMILY = "1,2";
				TEST_HOST = "$(BUILT_PRODUCTS_DIR)/Xcode Project.app/$(BUNDLE_EXECUTABLE_FOLDER_PATH)/Xcode Project";
			};
			name = Release;
		};
		4A7401BC2C00ADB600C84DA7 /* Debug */ = {
			isa = XCBuildConfiguration;
			buildSettings = {
				ALWAYS_EMBED_SWIFT_STANDARD_LIBRARIES = YES;
				CODE_SIGN_STYLE = Automatic;
				CURRENT_PROJECT_VERSION = 1;
				DEVELOPMENT_TEAM = 4MU6QM22C8;
				GENERATE_INFOPLIST_FILE = YES;
				IPHONEOS_DEPLOYMENT_TARGET = 17.4;
				MACOSX_DEPLOYMENT_TARGET = 14.4;
				MARKETING_VERSION = 1.0;
				PRODUCT_BUNDLE_IDENTIFIER = "com.Xcode-ProjectUITests";
				PRODUCT_NAME = "$(TARGET_NAME)";
				SDKROOT = auto;
				SUPPORTED_PLATFORMS = "iphoneos iphonesimulator macosx";
				SWIFT_EMIT_LOC_STRINGS = NO;
				SWIFT_VERSION = 5.0;
				TARGETED_DEVICE_FAMILY = "1,2";
				TEST_TARGET_NAME = "Xcode Project";
			};
			name = Debug;
		};
		4A7401BD2C00ADB600C84DA7 /* Release */ = {
			isa = XCBuildConfiguration;
			buildSettings = {
				ALWAYS_EMBED_SWIFT_STANDARD_LIBRARIES = YES;
				CODE_SIGN_STYLE = Automatic;
				CURRENT_PROJECT_VERSION = 1;
				DEVELOPMENT_TEAM = 4MU6QM22C8;
				GENERATE_INFOPLIST_FILE = YES;
				IPHONEOS_DEPLOYMENT_TARGET = 17.4;
				MACOSX_DEPLOYMENT_TARGET = 14.4;
				MARKETING_VERSION = 1.0;
				PRODUCT_BUNDLE_IDENTIFIER = "com.Xcode-ProjectUITests";
				PRODUCT_NAME = "$(TARGET_NAME)";
				SDKROOT = auto;
				SUPPORTED_PLATFORMS = "iphoneos iphonesimulator macosx";
				SWIFT_EMIT_LOC_STRINGS = NO;
				SWIFT_VERSION = 5.0;
				TARGETED_DEVICE_FAMILY = "1,2";
				TEST_TARGET_NAME = "Xcode Project";
			};
			name = Release;
		};
/* End XCBuildConfiguration section */

/* Begin XCConfigurationList section */
		4A74018B2C00ADB500C84DA7 /* Build configuration list for PBXProject "Xcode Project" */ = {
			isa = XCConfigurationList;
			buildConfigurations = (
				4A7401B32C00ADB600C84DA7 /* Debug */,
				4A7401B42C00ADB600C84DA7 /* Release */,
			);
			defaultConfigurationIsVisible = 0;
			defaultConfigurationName = Release;
		};
		4A7401B52C00ADB600C84DA7 /* Build configuration list for PBXNativeTarget "Xcode Project" */ = {
			isa = XCConfigurationList;
			buildConfigurations = (
				4A7401B62C00ADB600C84DA7 /* Debug */,
				4A7401B72C00ADB600C84DA7 /* Release */,
			);
			defaultConfigurationIsVisible = 0;
			defaultConfigurationName = Release;
		};
		4A7401B82C00ADB600C84DA7 /* Build configuration list for PBXNativeTarget "Xcode ProjectTests" */ = {
			isa = XCConfigurationList;
			buildConfigurations = (
				4A7401B92C00ADB600C84DA7 /* Debug */,
				4A7401BA2C00ADB600C84DA7 /* Release */,
			);
			defaultConfigurationIsVisible = 0;
			defaultConfigurationName = Release;
		};
		4A7401BB2C00ADB600C84DA7 /* Build configuration list for PBXNativeTarget "Xcode ProjectUITests" */ = {
			isa = XCConfigurationList;
			buildConfigurations = (
				4A7401BC2C00ADB600C84DA7 /* Debug */,
				4A7401BD2C00ADB600C84DA7 /* Release */,
			);
			defaultConfigurationIsVisible = 0;
			defaultConfigurationName = Release;
		};
/* End XCConfigurationList section */
	};
	rootObject = 4A7401882C00ADB500C84DA7 /* Project object */;
}
